
Microsoft Visual Studio Solution File, Format Version 12.00
# Visual Studio Version 17
VisualStudioVersion = 17.0.32126.317
MinimumVisualStudioVersion = 10.0.40219.1
Project("{FAE04EC0-301F-11D3-BF4B-00C04F79EFBC}") = "MyAsistent", "MyAsistent\MyAsistent.csproj", "{19489E6A-3DF4-481D-9253-7E92A375B56C}"
EndProject
Project("{FAE04EC0-301F-11D3-BF4B-00C04F79EFBC}") = "InjectionCS", "ClassLibrary1\InjectionCS.csproj", "{CE960DD6-FEEC-4157-BDF0-7C2EE2EC4859}"
EndProject
Project("{FAE04EC0-301F-11D3-BF4B-00C04F79EFBC}") = "ConnectorPC", "ConnectorPC\ConnectorPC.csproj", "{9C87169A-A552-49F3-AD5A-6A2107A6ABED}"
EndProject
Project("{2150E333-8FDC-42A3-9474-1A3956D46DE8}") = "Элементы решения", "Элементы решения", "{B7457F09-85FC-4E70-95FE-E8563233DB4F}"
	ProjectSection(SolutionItems) = preProject
		Document\FullGuide.md = Document\FullGuide.md
		Document\MakeSiteInfo.md = Document\MakeSiteInfo.md
		Document\ModuleSketchGuide.md = Document\ModuleSketchGuide.md
		Readme.md = Readme.md
	EndProjectSection
EndProject
Project("{8BC9CEB8-8B4A-11D0-8D11-00A0C91BC942}") = "InjectionCPP", "InjectionCPP\InjectionCPP.vcxproj", "{D9ED250D-C37B-4ED0-B7FB-A5EDCBDF7F6E}"
EndProject
Project("{2150E333-8FDC-42A3-9474-1A3956D46DE8}") = "Arduino Libary", "Arduino Libary", "{B3A2631E-2A1A-4FDE-9B84-79D73EF9D7F2}"
	ProjectSection(SolutionItems) = preProject
		ArduinoLib\Assistent.cpp = ArduinoLib\Assistent.cpp
		ArduinoLib\Assistent.h = ArduinoLib\Assistent.h
	EndProjectSection
EndProject
Project("{FAE04EC0-301F-11D3-BF4B-00C04F79EFBC}") = "UniversalConnector.UWP", "UniversalConnector\UniversalConnector.UWP\UniversalConnector.UWP.csproj", "{22C90558-E566-43E4-BF14-2AA7F2B32A43}"
EndProject
Project("{FAE04EC0-301F-11D3-BF4B-00C04F79EFBC}") = "UniversalConnector.Android", "UniversalConnector\UniversalConnector.Android\UniversalConnector.Android.csproj", "{5A919759-AFBD-4D89-BFD9-04BE6FFB7B9A}"
EndProject
Project("{FAE04EC0-301F-11D3-BF4B-00C04F79EFBC}") = "UniversalConnector.iOS", "UniversalConnector\UniversalConnector.iOS\UniversalConnector.iOS.csproj", "{6FFAC79D-FBC9-437B-8364-F824D1838A31}"
EndProject
Project("{FAE04EC0-301F-11D3-BF4B-00C04F79EFBC}") = "UniversalConnector", "UniversalConnector\UniversalConnector\UniversalConnector.csproj", "{FF9D045F-F9B4-459A-9AB7-6F3CDD9BA0F5}"
EndProject
Global
	GlobalSection(SolutionConfigurationPlatforms) = preSolution
		Debug|Any CPU = Debug|Any CPU
		Debug|ARM = Debug|ARM
		Debug|ARM64 = Debug|ARM64
		Debug|iPhone = Debug|iPhone
		Debug|iPhoneSimulator = Debug|iPhoneSimulator
		Debug|x64 = Debug|x64
		Debug|x86 = Debug|x86
		Release|Any CPU = Release|Any CPU
		Release|ARM = Release|ARM
		Release|ARM64 = Release|ARM64
		Release|iPhone = Release|iPhone
		Release|iPhoneSimulator = Release|iPhoneSimulator
		Release|x64 = Release|x64
		Release|x86 = Release|x86
	EndGlobalSection
	GlobalSection(ProjectConfigurationPlatforms) = postSolution
		{19489E6A-3DF4-481D-9253-7E92A375B56C}.Debug|Any CPU.ActiveCfg = Debug|Any CPU
		{19489E6A-3DF4-481D-9253-7E92A375B56C}.Debug|Any CPU.Build.0 = Debug|Any CPU
		{19489E6A-3DF4-481D-9253-7E92A375B56C}.Debug|ARM.ActiveCfg = Debug|Any CPU
		{19489E6A-3DF4-481D-9253-7E92A375B56C}.Debug|ARM.Build.0 = Debug|Any CPU
		{19489E6A-3DF4-481D-9253-7E92A375B56C}.Debug|ARM64.ActiveCfg = Debug|Any CPU
		{19489E6A-3DF4-481D-9253-7E92A375B56C}.Debug|ARM64.Build.0 = Debug|Any CPU
		{19489E6A-3DF4-481D-9253-7E92A375B56C}.Debug|iPhone.ActiveCfg = Debug|Any CPU
		{19489E6A-3DF4-481D-9253-7E92A375B56C}.Debug|iPhone.Build.0 = Debug|Any CPU
		{19489E6A-3DF4-481D-9253-7E92A375B56C}.Debug|iPhoneSimulator.ActiveCfg = Debug|Any CPU
		{19489E6A-3DF4-481D-9253-7E92A375B56C}.Debug|iPhoneSimulator.Build.0 = Debug|Any CPU
		{19489E6A-3DF4-481D-9253-7E92A375B56C}.Debug|x64.ActiveCfg = Debug|Any CPU
		{19489E6A-3DF4-481D-9253-7E92A375B56C}.Debug|x64.Build.0 = Debug|Any CPU
		{19489E6A-3DF4-481D-9253-7E92A375B56C}.Debug|x86.ActiveCfg = Debug|Any CPU
		{19489E6A-3DF4-481D-9253-7E92A375B56C}.Debug|x86.Build.0 = Debug|Any CPU
		{19489E6A-3DF4-481D-9253-7E92A375B56C}.Release|Any CPU.ActiveCfg = Release|Any CPU
		{19489E6A-3DF4-481D-9253-7E92A375B56C}.Release|Any CPU.Build.0 = Release|Any CPU
		{19489E6A-3DF4-481D-9253-7E92A375B56C}.Release|ARM.ActiveCfg = Release|Any CPU
		{19489E6A-3DF4-481D-9253-7E92A375B56C}.Release|ARM.Build.0 = Release|Any CPU
		{19489E6A-3DF4-481D-9253-7E92A375B56C}.Release|ARM64.ActiveCfg = Release|Any CPU
		{19489E6A-3DF4-481D-9253-7E92A375B56C}.Release|ARM64.Build.0 = Release|Any CPU
		{19489E6A-3DF4-481D-9253-7E92A375B56C}.Release|iPhone.ActiveCfg = Release|Any CPU
		{19489E6A-3DF4-481D-9253-7E92A375B56C}.Release|iPhone.Build.0 = Release|Any CPU
		{19489E6A-3DF4-481D-9253-7E92A375B56C}.Release|iPhoneSimulator.ActiveCfg = Release|Any CPU
		{19489E6A-3DF4-481D-9253-7E92A375B56C}.Release|iPhoneSimulator.Build.0 = Release|Any CPU
		{19489E6A-3DF4-481D-9253-7E92A375B56C}.Release|x64.ActiveCfg = Release|Any CPU
		{19489E6A-3DF4-481D-9253-7E92A375B56C}.Release|x64.Build.0 = Release|Any CPU
		{19489E6A-3DF4-481D-9253-7E92A375B56C}.Release|x86.ActiveCfg = Release|Any CPU
		{19489E6A-3DF4-481D-9253-7E92A375B56C}.Release|x86.Build.0 = Release|Any CPU
		{CE960DD6-FEEC-4157-BDF0-7C2EE2EC4859}.Debug|Any CPU.ActiveCfg = Debug|Any CPU
		{CE960DD6-FEEC-4157-BDF0-7C2EE2EC4859}.Debug|Any CPU.Build.0 = Debug|Any CPU
		{CE960DD6-FEEC-4157-BDF0-7C2EE2EC4859}.Debug|ARM.ActiveCfg = Debug|Any CPU
		{CE960DD6-FEEC-4157-BDF0-7C2EE2EC4859}.Debug|ARM.Build.0 = Debug|Any CPU
		{CE960DD6-FEEC-4157-BDF0-7C2EE2EC4859}.Debug|ARM64.ActiveCfg = Debug|Any CPU
		{CE960DD6-FEEC-4157-BDF0-7C2EE2EC4859}.Debug|ARM64.Build.0 = Debug|Any CPU
		{CE960DD6-FEEC-4157-BDF0-7C2EE2EC4859}.Debug|iPhone.ActiveCfg = Debug|Any CPU
		{CE960DD6-FEEC-4157-BDF0-7C2EE2EC4859}.Debug|iPhone.Build.0 = Debug|Any CPU
		{CE960DD6-FEEC-4157-BDF0-7C2EE2EC4859}.Debug|iPhoneSimulator.ActiveCfg = Debug|Any CPU
		{CE960DD6-FEEC-4157-BDF0-7C2EE2EC4859}.Debug|iPhoneSimulator.Build.0 = Debug|Any CPU
		{CE960DD6-FEEC-4157-BDF0-7C2EE2EC4859}.Debug|x64.ActiveCfg = Debug|Any CPU
		{CE960DD6-FEEC-4157-BDF0-7C2EE2EC4859}.Debug|x64.Build.0 = Debug|Any CPU
		{CE960DD6-FEEC-4157-BDF0-7C2EE2EC4859}.Debug|x86.ActiveCfg = Debug|Any CPU
		{CE960DD6-FEEC-4157-BDF0-7C2EE2EC4859}.Debug|x86.Build.0 = Debug|Any CPU
		{CE960DD6-FEEC-4157-BDF0-7C2EE2EC4859}.Release|Any CPU.ActiveCfg = Release|Any CPU
		{CE960DD6-FEEC-4157-BDF0-7C2EE2EC4859}.Release|Any CPU.Build.0 = Release|Any CPU
		{CE960DD6-FEEC-4157-BDF0-7C2EE2EC4859}.Release|ARM.ActiveCfg = Release|Any CPU
		{CE960DD6-FEEC-4157-BDF0-7C2EE2EC4859}.Release|ARM.Build.0 = Release|Any CPU
		{CE960DD6-FEEC-4157-BDF0-7C2EE2EC4859}.Release|ARM64.ActiveCfg = Release|Any CPU
		{CE960DD6-FEEC-4157-BDF0-7C2EE2EC4859}.Release|ARM64.Build.0 = Release|Any CPU
		{CE960DD6-FEEC-4157-BDF0-7C2EE2EC4859}.Release|iPhone.ActiveCfg = Release|Any CPU
		{CE960DD6-FEEC-4157-BDF0-7C2EE2EC4859}.Release|iPhone.Build.0 = Release|Any CPU
		{CE960DD6-FEEC-4157-BDF0-7C2EE2EC4859}.Release|iPhoneSimulator.ActiveCfg = Release|Any CPU
		{CE960DD6-FEEC-4157-BDF0-7C2EE2EC4859}.Release|iPhoneSimulator.Build.0 = Release|Any CPU
		{CE960DD6-FEEC-4157-BDF0-7C2EE2EC4859}.Release|x64.ActiveCfg = Release|Any CPU
		{CE960DD6-FEEC-4157-BDF0-7C2EE2EC4859}.Release|x64.Build.0 = Release|Any CPU
		{CE960DD6-FEEC-4157-BDF0-7C2EE2EC4859}.Release|x86.ActiveCfg = Release|Any CPU
		{CE960DD6-FEEC-4157-BDF0-7C2EE2EC4859}.Release|x86.Build.0 = Release|Any CPU
		{9C87169A-A552-49F3-AD5A-6A2107A6ABED}.Debug|Any CPU.ActiveCfg = Debug|Any CPU
		{9C87169A-A552-49F3-AD5A-6A2107A6ABED}.Debug|Any CPU.Build.0 = Debug|Any CPU
		{9C87169A-A552-49F3-AD5A-6A2107A6ABED}.Debug|ARM.ActiveCfg = Debug|Any CPU
		{9C87169A-A552-49F3-AD5A-6A2107A6ABED}.Debug|ARM.Build.0 = Debug|Any CPU
		{9C87169A-A552-49F3-AD5A-6A2107A6ABED}.Debug|ARM64.ActiveCfg = Debug|Any CPU
		{9C87169A-A552-49F3-AD5A-6A2107A6ABED}.Debug|ARM64.Build.0 = Debug|Any CPU
		{9C87169A-A552-49F3-AD5A-6A2107A6ABED}.Debug|iPhone.ActiveCfg = Debug|Any CPU
		{9C87169A-A552-49F3-AD5A-6A2107A6ABED}.Debug|iPhone.Build.0 = Debug|Any CPU
		{9C87169A-A552-49F3-AD5A-6A2107A6ABED}.Debug|iPhoneSimulator.ActiveCfg = Debug|Any CPU
		{9C87169A-A552-49F3-AD5A-6A2107A6ABED}.Debug|iPhoneSimulator.Build.0 = Debug|Any CPU
		{9C87169A-A552-49F3-AD5A-6A2107A6ABED}.Debug|x64.ActiveCfg = Debug|Any CPU
		{9C87169A-A552-49F3-AD5A-6A2107A6ABED}.Debug|x64.Build.0 = Debug|Any CPU
		{9C87169A-A552-49F3-AD5A-6A2107A6ABED}.Debug|x86.ActiveCfg = Debug|Any CPU
		{9C87169A-A552-49F3-AD5A-6A2107A6ABED}.Debug|x86.Build.0 = Debug|Any CPU
		{9C87169A-A552-49F3-AD5A-6A2107A6ABED}.Release|Any CPU.ActiveCfg = Release|Any CPU
		{9C87169A-A552-49F3-AD5A-6A2107A6ABED}.Release|Any CPU.Build.0 = Release|Any CPU
		{9C87169A-A552-49F3-AD5A-6A2107A6ABED}.Release|ARM.ActiveCfg = Release|Any CPU
		{9C87169A-A552-49F3-AD5A-6A2107A6ABED}.Release|ARM.Build.0 = Release|Any CPU
		{9C87169A-A552-49F3-AD5A-6A2107A6ABED}.Release|ARM64.ActiveCfg = Release|Any CPU
		{9C87169A-A552-49F3-AD5A-6A2107A6ABED}.Release|ARM64.Build.0 = Release|Any CPU
		{9C87169A-A552-49F3-AD5A-6A2107A6ABED}.Release|iPhone.ActiveCfg = Release|Any CPU
		{9C87169A-A552-49F3-AD5A-6A2107A6ABED}.Release|iPhone.Build.0 = Release|Any CPU
		{9C87169A-A552-49F3-AD5A-6A2107A6ABED}.Release|iPhoneSimulator.ActiveCfg = Release|Any CPU
		{9C87169A-A552-49F3-AD5A-6A2107A6ABED}.Release|iPhoneSimulator.Build.0 = Release|Any CPU
		{9C87169A-A552-49F3-AD5A-6A2107A6ABED}.Release|x64.ActiveCfg = Release|Any CPU
		{9C87169A-A552-49F3-AD5A-6A2107A6ABED}.Release|x64.Build.0 = Release|Any CPU
		{9C87169A-A552-49F3-AD5A-6A2107A6ABED}.Release|x86.ActiveCfg = Release|Any CPU
		{9C87169A-A552-49F3-AD5A-6A2107A6ABED}.Release|x86.Build.0 = Release|Any CPU
		{D9ED250D-C37B-4ED0-B7FB-A5EDCBDF7F6E}.Debug|Any CPU.ActiveCfg = Debug|x64
		{D9ED250D-C37B-4ED0-B7FB-A5EDCBDF7F6E}.Debug|Any CPU.Build.0 = Debug|x64
		{D9ED250D-C37B-4ED0-B7FB-A5EDCBDF7F6E}.Debug|ARM.ActiveCfg = Debug|x64
		{D9ED250D-C37B-4ED0-B7FB-A5EDCBDF7F6E}.Debug|ARM.Build.0 = Debug|x64
		{D9ED250D-C37B-4ED0-B7FB-A5EDCBDF7F6E}.Debug|ARM64.ActiveCfg = Debug|x64
		{D9ED250D-C37B-4ED0-B7FB-A5EDCBDF7F6E}.Debug|ARM64.Build.0 = Debug|x64
		{D9ED250D-C37B-4ED0-B7FB-A5EDCBDF7F6E}.Debug|iPhone.ActiveCfg = Debug|x64
		{D9ED250D-C37B-4ED0-B7FB-A5EDCBDF7F6E}.Debug|iPhone.Build.0 = Debug|x64
		{D9ED250D-C37B-4ED0-B7FB-A5EDCBDF7F6E}.Debug|iPhoneSimulator.ActiveCfg = Debug|x64
		{D9ED250D-C37B-4ED0-B7FB-A5EDCBDF7F6E}.Debug|iPhoneSimulator.Build.0 = Debug|x64
		{D9ED250D-C37B-4ED0-B7FB-A5EDCBDF7F6E}.Debug|x64.ActiveCfg = Debug|x64
		{D9ED250D-C37B-4ED0-B7FB-A5EDCBDF7F6E}.Debug|x64.Build.0 = Debug|x64
		{D9ED250D-C37B-4ED0-B7FB-A5EDCBDF7F6E}.Debug|x86.ActiveCfg = Debug|Win32
		{D9ED250D-C37B-4ED0-B7FB-A5EDCBDF7F6E}.Debug|x86.Build.0 = Debug|Win32
		{D9ED250D-C37B-4ED0-B7FB-A5EDCBDF7F6E}.Release|Any CPU.ActiveCfg = Release|x64
		{D9ED250D-C37B-4ED0-B7FB-A5EDCBDF7F6E}.Release|Any CPU.Build.0 = Release|x64
		{D9ED250D-C37B-4ED0-B7FB-A5EDCBDF7F6E}.Release|ARM.ActiveCfg = Release|x64
		{D9ED250D-C37B-4ED0-B7FB-A5EDCBDF7F6E}.Release|ARM.Build.0 = Release|x64
		{D9ED250D-C37B-4ED0-B7FB-A5EDCBDF7F6E}.Release|ARM64.ActiveCfg = Release|x64
		{D9ED250D-C37B-4ED0-B7FB-A5EDCBDF7F6E}.Release|ARM64.Build.0 = Release|x64
		{D9ED250D-C37B-4ED0-B7FB-A5EDCBDF7F6E}.Release|iPhone.ActiveCfg = Release|x64
		{D9ED250D-C37B-4ED0-B7FB-A5EDCBDF7F6E}.Release|iPhone.Build.0 = Release|x64
		{D9ED250D-C37B-4ED0-B7FB-A5EDCBDF7F6E}.Release|iPhoneSimulator.ActiveCfg = Release|x64
		{D9ED250D-C37B-4ED0-B7FB-A5EDCBDF7F6E}.Release|iPhoneSimulator.Build.0 = Release|x64
		{D9ED250D-C37B-4ED0-B7FB-A5EDCBDF7F6E}.Release|x64.ActiveCfg = Release|x64
		{D9ED250D-C37B-4ED0-B7FB-A5EDCBDF7F6E}.Release|x64.Build.0 = Release|x64
		{D9ED250D-C37B-4ED0-B7FB-A5EDCBDF7F6E}.Release|x86.ActiveCfg = Release|Win32
		{D9ED250D-C37B-4ED0-B7FB-A5EDCBDF7F6E}.Release|x86.Build.0 = Release|Win32
		{22C90558-E566-43E4-BF14-2AA7F2B32A43}.Debug|Any CPU.ActiveCfg = Debug|x64
		{22C90558-E566-43E4-BF14-2AA7F2B32A43}.Debug|Any CPU.Build.0 = Debug|x64
		{22C90558-E566-43E4-BF14-2AA7F2B32A43}.Debug|Any CPU.Deploy.0 = Debug|x64
		{22C90558-E566-43E4-BF14-2AA7F2B32A43}.Debug|ARM.ActiveCfg = Debug|ARM
		{22C90558-E566-43E4-BF14-2AA7F2B32A43}.Debug|ARM.Build.0 = Debug|ARM
		{22C90558-E566-43E4-BF14-2AA7F2B32A43}.Debug|ARM.Deploy.0 = Debug|ARM
		{22C90558-E566-43E4-BF14-2AA7F2B32A43}.Debug|ARM64.ActiveCfg = Debug|x64
		{22C90558-E566-43E4-BF14-2AA7F2B32A43}.Debug|ARM64.Build.0 = Debug|x64
		{22C90558-E566-43E4-BF14-2AA7F2B32A43}.Debug|ARM64.Deploy.0 = Debug|x64
		{22C90558-E566-43E4-BF14-2AA7F2B32A43}.Debug|iPhone.ActiveCfg = Debug|x64
		{22C90558-E566-43E4-BF14-2AA7F2B32A43}.Debug|iPhone.Build.0 = Debug|x64
		{22C90558-E566-43E4-BF14-2AA7F2B32A43}.Debug|iPhone.Deploy.0 = Debug|x64
		{22C90558-E566-43E4-BF14-2AA7F2B32A43}.Debug|iPhoneSimulator.ActiveCfg = Debug|x64
		{22C90558-E566-43E4-BF14-2AA7F2B32A43}.Debug|iPhoneSimulator.Build.0 = Debug|x64
		{22C90558-E566-43E4-BF14-2AA7F2B32A43}.Debug|iPhoneSimulator.Deploy.0 = Debug|x64
		{22C90558-E566-43E4-BF14-2AA7F2B32A43}.Debug|x64.ActiveCfg = Debug|x64
		{22C90558-E566-43E4-BF14-2AA7F2B32A43}.Debug|x64.Build.0 = Debug|x64
		{22C90558-E566-43E4-BF14-2AA7F2B32A43}.Debug|x64.Deploy.0 = Debug|x64
		{22C90558-E566-43E4-BF14-2AA7F2B32A43}.Debug|x86.ActiveCfg = Debug|x86
		{22C90558-E566-43E4-BF14-2AA7F2B32A43}.Debug|x86.Build.0 = Debug|x86
		{22C90558-E566-43E4-BF14-2AA7F2B32A43}.Debug|x86.Deploy.0 = Debug|x86
		{22C90558-E566-43E4-BF14-2AA7F2B32A43}.Release|Any CPU.ActiveCfg = Release|x64
		{22C90558-E566-43E4-BF14-2AA7F2B32A43}.Release|Any CPU.Build.0 = Release|x64
		{22C90558-E566-43E4-BF14-2AA7F2B32A43}.Release|Any CPU.Deploy.0 = Release|x64
		{22C90558-E566-43E4-BF14-2AA7F2B32A43}.Release|ARM.ActiveCfg = Release|ARM
		{22C90558-E566-43E4-BF14-2AA7F2B32A43}.Release|ARM.Build.0 = Release|ARM
		{22C90558-E566-43E4-BF14-2AA7F2B32A43}.Release|ARM.Deploy.0 = Release|ARM
		{22C90558-E566-43E4-BF14-2AA7F2B32A43}.Release|ARM64.ActiveCfg = Release|x64
		{22C90558-E566-43E4-BF14-2AA7F2B32A43}.Release|ARM64.Build.0 = Release|x64
		{22C90558-E566-43E4-BF14-2AA7F2B32A43}.Release|ARM64.Deploy.0 = Release|x64
		{22C90558-E566-43E4-BF14-2AA7F2B32A43}.Release|iPhone.ActiveCfg = Release|x64
		{22C90558-E566-43E4-BF14-2AA7F2B32A43}.Release|iPhone.Build.0 = Release|x64
		{22C90558-E566-43E4-BF14-2AA7F2B32A43}.Release|iPhone.Deploy.0 = Release|x64
		{22C90558-E566-43E4-BF14-2AA7F2B32A43}.Release|iPhoneSimulator.ActiveCfg = Release|x64
		{22C90558-E566-43E4-BF14-2AA7F2B32A43}.Release|iPhoneSimulator.Build.0 = Release|x64
		{22C90558-E566-43E4-BF14-2AA7F2B32A43}.Release|iPhoneSimulator.Deploy.0 = Release|x64
		{22C90558-E566-43E4-BF14-2AA7F2B32A43}.Release|x64.ActiveCfg = Release|x64
		{22C90558-E566-43E4-BF14-2AA7F2B32A43}.Release|x64.Build.0 = Release|x64
		{22C90558-E566-43E4-BF14-2AA7F2B32A43}.Release|x64.Deploy.0 = Release|x64
		{22C90558-E566-43E4-BF14-2AA7F2B32A43}.Release|x86.ActiveCfg = Release|x86
		{22C90558-E566-43E4-BF14-2AA7F2B32A43}.Release|x86.Build.0 = Release|x86
		{22C90558-E566-43E4-BF14-2AA7F2B32A43}.Release|x86.Deploy.0 = Release|x86
		{5A919759-AFBD-4D89-BFD9-04BE6FFB7B9A}.Debug|Any CPU.ActiveCfg = Debug|Any CPU
		{5A919759-AFBD-4D89-BFD9-04BE6FFB7B9A}.Debug|Any CPU.Build.0 = Debug|Any CPU
		{5A919759-AFBD-4D89-BFD9-04BE6FFB7B9A}.Debug|Any CPU.Deploy.0 = Debug|Any CPU
		{5A919759-AFBD-4D89-BFD9-04BE6FFB7B9A}.Debug|ARM.ActiveCfg = Debug|Any CPU
		{5A919759-AFBD-4D89-BFD9-04BE6FFB7B9A}.Debug|ARM.Build.0 = Debug|Any CPU
		{5A919759-AFBD-4D89-BFD9-04BE6FFB7B9A}.Debug|ARM.Deploy.0 = Debug|Any CPU
		{5A919759-AFBD-4D89-BFD9-04BE6FFB7B9A}.Debug|ARM64.ActiveCfg = Debug|Any CPU
		{5A919759-AFBD-4D89-BFD9-04BE6FFB7B9A}.Debug|ARM64.Build.0 = Debug|Any CPU
		{5A919759-AFBD-4D89-BFD9-04BE6FFB7B9A}.Debug|ARM64.Deploy.0 = Debug|Any CPU
		{5A919759-AFBD-4D89-BFD9-04BE6FFB7B9A}.Debug|iPhone.ActiveCfg = Debug|Any CPU
		{5A919759-AFBD-4D89-BFD9-04BE6FFB7B9A}.Debug|iPhone.Build.0 = Debug|Any CPU
		{5A919759-AFBD-4D89-BFD9-04BE6FFB7B9A}.Debug|iPhone.Deploy.0 = Debug|Any CPU
		{5A919759-AFBD-4D89-BFD9-04BE6FFB7B9A}.Debug|iPhoneSimulator.ActiveCfg = Debug|Any CPU
		{5A919759-AFBD-4D89-BFD9-04BE6FFB7B9A}.Debug|iPhoneSimulator.Build.0 = Debug|Any CPU
		{5A919759-AFBD-4D89-BFD9-04BE6FFB7B9A}.Debug|iPhoneSimulator.Deploy.0 = Debug|Any CPU
		{5A919759-AFBD-4D89-BFD9-04BE6FFB7B9A}.Debug|x64.ActiveCfg = Debug|Any CPU
		{5A919759-AFBD-4D89-BFD9-04BE6FFB7B9A}.Debug|x64.Build.0 = Debug|Any CPU
		{5A919759-AFBD-4D89-BFD9-04BE6FFB7B9A}.Debug|x64.Deploy.0 = Debug|Any CPU
		{5A919759-AFBD-4D89-BFD9-04BE6FFB7B9A}.Debug|x86.ActiveCfg = Debug|Any CPU
		{5A919759-AFBD-4D89-BFD9-04BE6FFB7B9A}.Debug|x86.Build.0 = Debug|Any CPU
		{5A919759-AFBD-4D89-BFD9-04BE6FFB7B9A}.Debug|x86.Deploy.0 = Debug|Any CPU
		{5A919759-AFBD-4D89-BFD9-04BE6FFB7B9A}.Release|Any CPU.ActiveCfg = Release|Any CPU
		{5A919759-AFBD-4D89-BFD9-04BE6FFB7B9A}.Release|Any CPU.Build.0 = Release|Any CPU
		{5A919759-AFBD-4D89-BFD9-04BE6FFB7B9A}.Release|Any CPU.Deploy.0 = Release|Any CPU
		{5A919759-AFBD-4D89-BFD9-04BE6FFB7B9A}.Release|ARM.ActiveCfg = Release|Any CPU
		{5A919759-AFBD-4D89-BFD9-04BE6FFB7B9A}.Release|ARM.Build.0 = Release|Any CPU
		{5A919759-AFBD-4D89-BFD9-04BE6FFB7B9A}.Release|ARM.Deploy.0 = Release|Any CPU
		{5A919759-AFBD-4D89-BFD9-04BE6FFB7B9A}.Release|ARM64.ActiveCfg = Release|Any CPU
		{5A919759-AFBD-4D89-BFD9-04BE6FFB7B9A}.Release|ARM64.Build.0 = Release|Any CPU
		{5A919759-AFBD-4D89-BFD9-04BE6FFB7B9A}.Release|ARM64.Deploy.0 = Release|Any CPU
		{5A919759-AFBD-4D89-BFD9-04BE6FFB7B9A}.Release|iPhone.ActiveCfg = Release|Any CPU
		{5A919759-AFBD-4D89-BFD9-04BE6FFB7B9A}.Release|iPhone.Build.0 = Release|Any CPU
		{5A919759-AFBD-4D89-BFD9-04BE6FFB7B9A}.Release|iPhone.Deploy.0 = Release|Any CPU
		{5A919759-AFBD-4D89-BFD9-04BE6FFB7B9A}.Release|iPhoneSimulator.ActiveCfg = Release|Any CPU
		{5A919759-AFBD-4D89-BFD9-04BE6FFB7B9A}.Release|iPhoneSimulator.Build.0 = Release|Any CPU
		{5A919759-AFBD-4D89-BFD9-04BE6FFB7B9A}.Release|iPhoneSimulator.Deploy.0 = Release|Any CPU
		{5A919759-AFBD-4D89-BFD9-04BE6FFB7B9A}.Release|x64.ActiveCfg = Release|Any CPU
		{5A919759-AFBD-4D89-BFD9-04BE6FFB7B9A}.Release|x64.Build.0 = Release|Any CPU
		{5A919759-AFBD-4D89-BFD9-04BE6FFB7B9A}.Release|x64.Deploy.0 = Release|Any CPU
		{5A919759-AFBD-4D89-BFD9-04BE6FFB7B9A}.Release|x86.ActiveCfg = Release|Any CPU
		{5A919759-AFBD-4D89-BFD9-04BE6FFB7B9A}.Release|x86.Build.0 = Release|Any CPU
		{5A919759-AFBD-4D89-BFD9-04BE6FFB7B9A}.Release|x86.Deploy.0 = Release|Any CPU
		{6FFAC79D-FBC9-437B-8364-F824D1838A31}.Debug|Any CPU.ActiveCfg = Debug|iPhoneSimulator
		{6FFAC79D-FBC9-437B-8364-F824D1838A31}.Debug|Any CPU.Build.0 = Debug|iPhoneSimulator
		{6FFAC79D-FBC9-437B-8364-F824D1838A31}.Debug|ARM.ActiveCfg = Debug|iPhoneSimulator
		{6FFAC79D-FBC9-437B-8364-F824D1838A31}.Debug|ARM.Build.0 = Debug|iPhoneSimulator
		{6FFAC79D-FBC9-437B-8364-F824D1838A31}.Debug|ARM64.ActiveCfg = Debug|iPhoneSimulator
		{6FFAC79D-FBC9-437B-8364-F824D1838A31}.Debug|ARM64.Build.0 = Debug|iPhoneSimulator
		{6FFAC79D-FBC9-437B-8364-F824D1838A31}.Debug|iPhone.ActiveCfg = Debug|iPhone
		{6FFAC79D-FBC9-437B-8364-F824D1838A31}.Debug|iPhone.Build.0 = Debug|iPhone
		{6FFAC79D-FBC9-437B-8364-F824D1838A31}.Debug|iPhoneSimulator.ActiveCfg = Debug|iPhoneSimulator
		{6FFAC79D-FBC9-437B-8364-F824D1838A31}.Debug|iPhoneSimulator.Build.0 = Debug|iPhoneSimulator
		{6FFAC79D-FBC9-437B-8364-F824D1838A31}.Debug|x64.ActiveCfg = Debug|iPhoneSimulator
		{6FFAC79D-FBC9-437B-8364-F824D1838A31}.Debug|x64.Build.0 = Debug|iPhoneSimulator
		{6FFAC79D-FBC9-437B-8364-F824D1838A31}.Debug|x86.ActiveCfg = Debug|iPhoneSimulator
		{6FFAC79D-FBC9-437B-8364-F824D1838A31}.Debug|x86.Build.0 = Debug|iPhoneSimulator
		{6FFAC79D-FBC9-437B-8364-F824D1838A31}.Release|Any CPU.ActiveCfg = Release|iPhoneSimulator
		{6FFAC79D-FBC9-437B-8364-F824D1838A31}.Release|Any CPU.Build.0 = Release|iPhoneSimulator
		{6FFAC79D-FBC9-437B-8364-F824D1838A31}.Release|ARM.ActiveCfg = Release|iPhoneSimulator
		{6FFAC79D-FBC9-437B-8364-F824D1838A31}.Release|ARM.Build.0 = Release|iPhoneSimulator
		{6FFAC79D-FBC9-437B-8364-F824D1838A31}.Release|ARM64.ActiveCfg = Release|iPhoneSimulator
		{6FFAC79D-FBC9-437B-8364-F824D1838A31}.Release|ARM64.Build.0 = Release|iPhoneSimulator
		{6FFAC79D-FBC9-437B-8364-F824D1838A31}.Release|iPhone.ActiveCfg = Release|iPhone
		{6FFAC79D-FBC9-437B-8364-F824D1838A31}.Release|iPhone.Build.0 = Release|iPhone
		{6FFAC79D-FBC9-437B-8364-F824D1838A31}.Release|iPhoneSimulator.ActiveCfg = Release|iPhoneSimulator
		{6FFAC79D-FBC9-437B-8364-F824D1838A31}.Release|iPhoneSimulator.Build.0 = Release|iPhoneSimulator
		{6FFAC79D-FBC9-437B-8364-F824D1838A31}.Release|x64.ActiveCfg = Release|iPhoneSimulator
		{6FFAC79D-FBC9-437B-8364-F824D1838A31}.Release|x64.Build.0 = Release|iPhoneSimulator
		{6FFAC79D-FBC9-437B-8364-F824D1838A31}.Release|x86.ActiveCfg = Release|iPhoneSimulator
		{6FFAC79D-FBC9-437B-8364-F824D1838A31}.Release|x86.Build.0 = Release|iPhoneSimulator
		{FF9D045F-F9B4-459A-9AB7-6F3CDD9BA0F5}.Debug|Any CPU.ActiveCfg = Debug|Any CPU
		{FF9D045F-F9B4-459A-9AB7-6F3CDD9BA0F5}.Debug|Any CPU.Build.0 = Debug|Any CPU
		{FF9D045F-F9B4-459A-9AB7-6F3CDD9BA0F5}.Debug|ARM.ActiveCfg = Debug|Any CPU
		{FF9D045F-F9B4-459A-9AB7-6F3CDD9BA0F5}.Debug|ARM.Build.0 = Debug|Any CPU
		{FF9D045F-F9B4-459A-9AB7-6F3CDD9BA0F5}.Debug|ARM64.ActiveCfg = Debug|Any CPU
		{FF9D045F-F9B4-459A-9AB7-6F3CDD9BA0F5}.Debug|ARM64.Build.0 = Debug|Any CPU
		{FF9D045F-F9B4-459A-9AB7-6F3CDD9BA0F5}.Debug|iPhone.ActiveCfg = Debug|Any CPU
		{FF9D045F-F9B4-459A-9AB7-6F3CDD9BA0F5}.Debug|iPhone.Build.0 = Debug|Any CPU
		{FF9D045F-F9B4-459A-9AB7-6F3CDD9BA0F5}.Debug|iPhoneSimulator.ActiveCfg = Debug|Any CPU
		{FF9D045F-F9B4-459A-9AB7-6F3CDD9BA0F5}.Debug|iPhoneSimulator.Build.0 = Debug|Any CPU
		{FF9D045F-F9B4-459A-9AB7-6F3CDD9BA0F5}.Debug|x64.ActiveCfg = Debug|Any CPU
		{FF9D045F-F9B4-459A-9AB7-6F3CDD9BA0F5}.Debug|x64.Build.0 = Debug|Any CPU
		{FF9D045F-F9B4-459A-9AB7-6F3CDD9BA0F5}.Debug|x86.ActiveCfg = Debug|Any CPU
		{FF9D045F-F9B4-459A-9AB7-6F3CDD9BA0F5}.Debug|x86.Build.0 = Debug|Any CPU
		{FF9D045F-F9B4-459A-9AB7-6F3CDD9BA0F5}.Release|Any CPU.ActiveCfg = Release|Any CPU
		{FF9D045F-F9B4-459A-9AB7-6F3CDD9BA0F5}.Release|Any CPU.Build.0 = Release|Any CPU
		{FF9D045F-F9B4-459A-9AB7-6F3CDD9BA0F5}.Release|ARM.ActiveCfg = Release|Any CPU
		{FF9D045F-F9B4-459A-9AB7-6F3CDD9BA0F5}.Release|ARM.Build.0 = Release|Any CPU
		{FF9D045F-F9B4-459A-9AB7-6F3CDD9BA0F5}.Release|ARM64.ActiveCfg = Release|Any CPU
		{FF9D045F-F9B4-459A-9AB7-6F3CDD9BA0F5}.Release|ARM64.Build.0 = Release|Any CPU
		{FF9D045F-F9B4-459A-9AB7-6F3CDD9BA0F5}.Release|iPhone.ActiveCfg = Release|Any CPU
		{FF9D045F-F9B4-459A-9AB7-6F3CDD9BA0F5}.Release|iPhone.Build.0 = Release|Any CPU
		{FF9D045F-F9B4-459A-9AB7-6F3CDD9BA0F5}.Release|iPhoneSimulator.ActiveCfg = Release|Any CPU
		{FF9D045F-F9B4-459A-9AB7-6F3CDD9BA0F5}.Release|iPhoneSimulator.Build.0 = Release|Any CPU
		{FF9D045F-F9B4-459A-9AB7-6F3CDD9BA0F5}.Release|x64.ActiveCfg = Release|Any CPU
		{FF9D045F-F9B4-459A-9AB7-6F3CDD9BA0F5}.Release|x64.Build.0 = Release|Any CPU
		{FF9D045F-F9B4-459A-9AB7-6F3CDD9BA0F5}.Release|x86.ActiveCfg = Release|Any CPU
		{FF9D045F-F9B4-459A-9AB7-6F3CDD9BA0F5}.Release|x86.Build.0 = Release|Any CPU
	EndGlobalSection
	GlobalSection(SolutionProperties) = preSolution
		HideSolutionNode = FALSE
	EndGlobalSection
	GlobalSection(ExtensibilityGlobals) = postSolution
		SolutionGuid = {D92EB856-3345-42A1-8253-2D01FFBB7FC9}
	EndGlobalSection
EndGlobal
