
Microsoft Visual Studio Solution File, Format Version 12.00
# Visual Studio Version 17
VisualStudioVersion = 17.0.32126.317
MinimumVisualStudioVersion = 10.0.40219.1
Project("{FAE04EC0-301F-11D3-BF4B-00C04F79EFBC}") = "MyAsistent", "MyAsistent\MyAsistent.csproj", "{19489E6A-3DF4-481D-9253-7E92A375B56C}"
EndProject
Project("{FAE04EC0-301F-11D3-BF4B-00C04F79EFBC}") = "InjectionCS", "ClassLibrary1\InjectionCS.csproj", "{CE960DD6-FEEC-4157-BDF0-7C2EE2EC4859}"
EndProject
Project("{FAE04EC0-301F-11D3-BF4B-00C04F79EFBC}") = "ConnectorPC", "ConnectorPC\ConnectorPC.csproj", "{9C87169A-A552-49F3-AD5A-6A2107A6ABED}"
EndProject
Project("{FAE04EC0-301F-11D3-BF4B-00C04F79EFBC}") = "Codes", "Codes\Codes.csproj", "{D45EE708-5E5A-401E-B82C-367FF8A100A4}"
EndProject
Project("{2150E333-8FDC-42A3-9474-1A3956D46DE8}") = "Элементы решения", "Элементы решения", "{B7457F09-85FC-4E70-95FE-E8563233DB4F}"
	ProjectSection(SolutionItems) = preProject
		Document\FullGuide.md = Document\FullGuide.md
		Document\MakeSiteInfo.md = Document\MakeSiteInfo.md
		Document\ModuleSketchGuide.md = Document\ModuleSketchGuide.md
		Readme.md = Readme.md
	EndProjectSection
EndProject
Project("{FAE04EC0-301F-11D3-BF4B-00C04F79EFBC}") = "DesignerCode", "DesignerCode\DesignerCode.csproj", "{C2CC5708-E35F-414E-9218-64516ED0922E}"
EndProject
Project("{8BC9CEB8-8B4A-11D0-8D11-00A0C91BC942}") = "InjectionCPP", "InjectionCPP\InjectionCPP.vcxproj", "{B4955473-9F38-4FDD-B7D6-15E68F99E870}"
EndProject
Global
	GlobalSection(SolutionConfigurationPlatforms) = preSolution
		Debug|Any CPU = Debug|Any CPU
		Debug|ARM = Debug|ARM
		Debug|ARM64 = Debug|ARM64
		Debug|iPhone = Debug|iPhone
		Debug|iPhoneSimulator = Debug|iPhoneSimulator
		Debug|x64 = Debug|x64
		Debug|x86 = Debug|x86
		Release|Any CPU = Release|Any CPU
		Release|ARM = Release|ARM
		Release|ARM64 = Release|ARM64
		Release|iPhone = Release|iPhone
		Release|iPhoneSimulator = Release|iPhoneSimulator
		Release|x64 = Release|x64
		Release|x86 = Release|x86
	EndGlobalSection
	GlobalSection(ProjectConfigurationPlatforms) = postSolution
		{19489E6A-3DF4-481D-9253-7E92A375B56C}.Debug|Any CPU.ActiveCfg = Debug|Any CPU
		{19489E6A-3DF4-481D-9253-7E92A375B56C}.Debug|Any CPU.Build.0 = Debug|Any CPU
		{19489E6A-3DF4-481D-9253-7E92A375B56C}.Debug|ARM.ActiveCfg = Debug|Any CPU
		{19489E6A-3DF4-481D-9253-7E92A375B56C}.Debug|ARM.Build.0 = Debug|Any CPU
		{19489E6A-3DF4-481D-9253-7E92A375B56C}.Debug|ARM64.ActiveCfg = Debug|Any CPU
		{19489E6A-3DF4-481D-9253-7E92A375B56C}.Debug|ARM64.Build.0 = Debug|Any CPU
		{19489E6A-3DF4-481D-9253-7E92A375B56C}.Debug|iPhone.ActiveCfg = Debug|Any CPU
		{19489E6A-3DF4-481D-9253-7E92A375B56C}.Debug|iPhone.Build.0 = Debug|Any CPU
		{19489E6A-3DF4-481D-9253-7E92A375B56C}.Debug|iPhoneSimulator.ActiveCfg = Debug|Any CPU
		{19489E6A-3DF4-481D-9253-7E92A375B56C}.Debug|iPhoneSimulator.Build.0 = Debug|Any CPU
		{19489E6A-3DF4-481D-9253-7E92A375B56C}.Debug|x64.ActiveCfg = Debug|Any CPU
		{19489E6A-3DF4-481D-9253-7E92A375B56C}.Debug|x64.Build.0 = Debug|Any CPU
		{19489E6A-3DF4-481D-9253-7E92A375B56C}.Debug|x86.ActiveCfg = Debug|Any CPU
		{19489E6A-3DF4-481D-9253-7E92A375B56C}.Debug|x86.Build.0 = Debug|Any CPU
		{19489E6A-3DF4-481D-9253-7E92A375B56C}.Release|Any CPU.ActiveCfg = Release|Any CPU
		{19489E6A-3DF4-481D-9253-7E92A375B56C}.Release|Any CPU.Build.0 = Release|Any CPU
		{19489E6A-3DF4-481D-9253-7E92A375B56C}.Release|ARM.ActiveCfg = Release|Any CPU
		{19489E6A-3DF4-481D-9253-7E92A375B56C}.Release|ARM.Build.0 = Release|Any CPU
		{19489E6A-3DF4-481D-9253-7E92A375B56C}.Release|ARM64.ActiveCfg = Release|Any CPU
		{19489E6A-3DF4-481D-9253-7E92A375B56C}.Release|ARM64.Build.0 = Release|Any CPU
		{19489E6A-3DF4-481D-9253-7E92A375B56C}.Release|iPhone.ActiveCfg = Release|Any CPU
		{19489E6A-3DF4-481D-9253-7E92A375B56C}.Release|iPhone.Build.0 = Release|Any CPU
		{19489E6A-3DF4-481D-9253-7E92A375B56C}.Release|iPhoneSimulator.ActiveCfg = Release|Any CPU
		{19489E6A-3DF4-481D-9253-7E92A375B56C}.Release|iPhoneSimulator.Build.0 = Release|Any CPU
		{19489E6A-3DF4-481D-9253-7E92A375B56C}.Release|x64.ActiveCfg = Release|Any CPU
		{19489E6A-3DF4-481D-9253-7E92A375B56C}.Release|x64.Build.0 = Release|Any CPU
		{19489E6A-3DF4-481D-9253-7E92A375B56C}.Release|x86.ActiveCfg = Release|Any CPU
		{19489E6A-3DF4-481D-9253-7E92A375B56C}.Release|x86.Build.0 = Release|Any CPU
		{CE960DD6-FEEC-4157-BDF0-7C2EE2EC4859}.Debug|Any CPU.ActiveCfg = Debug|Any CPU
		{CE960DD6-FEEC-4157-BDF0-7C2EE2EC4859}.Debug|Any CPU.Build.0 = Debug|Any CPU
		{CE960DD6-FEEC-4157-BDF0-7C2EE2EC4859}.Debug|ARM.ActiveCfg = Debug|Any CPU
		{CE960DD6-FEEC-4157-BDF0-7C2EE2EC4859}.Debug|ARM.Build.0 = Debug|Any CPU
		{CE960DD6-FEEC-4157-BDF0-7C2EE2EC4859}.Debug|ARM64.ActiveCfg = Debug|Any CPU
		{CE960DD6-FEEC-4157-BDF0-7C2EE2EC4859}.Debug|ARM64.Build.0 = Debug|Any CPU
		{CE960DD6-FEEC-4157-BDF0-7C2EE2EC4859}.Debug|iPhone.ActiveCfg = Debug|Any CPU
		{CE960DD6-FEEC-4157-BDF0-7C2EE2EC4859}.Debug|iPhone.Build.0 = Debug|Any CPU
		{CE960DD6-FEEC-4157-BDF0-7C2EE2EC4859}.Debug|iPhoneSimulator.ActiveCfg = Debug|Any CPU
		{CE960DD6-FEEC-4157-BDF0-7C2EE2EC4859}.Debug|iPhoneSimulator.Build.0 = Debug|Any CPU
		{CE960DD6-FEEC-4157-BDF0-7C2EE2EC4859}.Debug|x64.ActiveCfg = Debug|Any CPU
		{CE960DD6-FEEC-4157-BDF0-7C2EE2EC4859}.Debug|x64.Build.0 = Debug|Any CPU
		{CE960DD6-FEEC-4157-BDF0-7C2EE2EC4859}.Debug|x86.ActiveCfg = Debug|Any CPU
		{CE960DD6-FEEC-4157-BDF0-7C2EE2EC4859}.Debug|x86.Build.0 = Debug|Any CPU
		{CE960DD6-FEEC-4157-BDF0-7C2EE2EC4859}.Release|Any CPU.ActiveCfg = Release|Any CPU
		{CE960DD6-FEEC-4157-BDF0-7C2EE2EC4859}.Release|Any CPU.Build.0 = Release|Any CPU
		{CE960DD6-FEEC-4157-BDF0-7C2EE2EC4859}.Release|ARM.ActiveCfg = Release|Any CPU
		{CE960DD6-FEEC-4157-BDF0-7C2EE2EC4859}.Release|ARM.Build.0 = Release|Any CPU
		{CE960DD6-FEEC-4157-BDF0-7C2EE2EC4859}.Release|ARM64.ActiveCfg = Release|Any CPU
		{CE960DD6-FEEC-4157-BDF0-7C2EE2EC4859}.Release|ARM64.Build.0 = Release|Any CPU
		{CE960DD6-FEEC-4157-BDF0-7C2EE2EC4859}.Release|iPhone.ActiveCfg = Release|Any CPU
		{CE960DD6-FEEC-4157-BDF0-7C2EE2EC4859}.Release|iPhone.Build.0 = Release|Any CPU
		{CE960DD6-FEEC-4157-BDF0-7C2EE2EC4859}.Release|iPhoneSimulator.ActiveCfg = Release|Any CPU
		{CE960DD6-FEEC-4157-BDF0-7C2EE2EC4859}.Release|iPhoneSimulator.Build.0 = Release|Any CPU
		{CE960DD6-FEEC-4157-BDF0-7C2EE2EC4859}.Release|x64.ActiveCfg = Release|Any CPU
		{CE960DD6-FEEC-4157-BDF0-7C2EE2EC4859}.Release|x64.Build.0 = Release|Any CPU
		{CE960DD6-FEEC-4157-BDF0-7C2EE2EC4859}.Release|x86.ActiveCfg = Release|Any CPU
		{CE960DD6-FEEC-4157-BDF0-7C2EE2EC4859}.Release|x86.Build.0 = Release|Any CPU
		{9C87169A-A552-49F3-AD5A-6A2107A6ABED}.Debug|Any CPU.ActiveCfg = Debug|Any CPU
		{9C87169A-A552-49F3-AD5A-6A2107A6ABED}.Debug|Any CPU.Build.0 = Debug|Any CPU
		{9C87169A-A552-49F3-AD5A-6A2107A6ABED}.Debug|ARM.ActiveCfg = Debug|Any CPU
		{9C87169A-A552-49F3-AD5A-6A2107A6ABED}.Debug|ARM.Build.0 = Debug|Any CPU
		{9C87169A-A552-49F3-AD5A-6A2107A6ABED}.Debug|ARM64.ActiveCfg = Debug|Any CPU
		{9C87169A-A552-49F3-AD5A-6A2107A6ABED}.Debug|ARM64.Build.0 = Debug|Any CPU
		{9C87169A-A552-49F3-AD5A-6A2107A6ABED}.Debug|iPhone.ActiveCfg = Debug|Any CPU
		{9C87169A-A552-49F3-AD5A-6A2107A6ABED}.Debug|iPhone.Build.0 = Debug|Any CPU
		{9C87169A-A552-49F3-AD5A-6A2107A6ABED}.Debug|iPhoneSimulator.ActiveCfg = Debug|Any CPU
		{9C87169A-A552-49F3-AD5A-6A2107A6ABED}.Debug|iPhoneSimulator.Build.0 = Debug|Any CPU
		{9C87169A-A552-49F3-AD5A-6A2107A6ABED}.Debug|x64.ActiveCfg = Debug|Any CPU
		{9C87169A-A552-49F3-AD5A-6A2107A6ABED}.Debug|x64.Build.0 = Debug|Any CPU
		{9C87169A-A552-49F3-AD5A-6A2107A6ABED}.Debug|x86.ActiveCfg = Debug|Any CPU
		{9C87169A-A552-49F3-AD5A-6A2107A6ABED}.Debug|x86.Build.0 = Debug|Any CPU
		{9C87169A-A552-49F3-AD5A-6A2107A6ABED}.Release|Any CPU.ActiveCfg = Release|Any CPU
		{9C87169A-A552-49F3-AD5A-6A2107A6ABED}.Release|Any CPU.Build.0 = Release|Any CPU
		{9C87169A-A552-49F3-AD5A-6A2107A6ABED}.Release|ARM.ActiveCfg = Release|Any CPU
		{9C87169A-A552-49F3-AD5A-6A2107A6ABED}.Release|ARM.Build.0 = Release|Any CPU
		{9C87169A-A552-49F3-AD5A-6A2107A6ABED}.Release|ARM64.ActiveCfg = Release|Any CPU
		{9C87169A-A552-49F3-AD5A-6A2107A6ABED}.Release|ARM64.Build.0 = Release|Any CPU
		{9C87169A-A552-49F3-AD5A-6A2107A6ABED}.Release|iPhone.ActiveCfg = Release|Any CPU
		{9C87169A-A552-49F3-AD5A-6A2107A6ABED}.Release|iPhone.Build.0 = Release|Any CPU
		{9C87169A-A552-49F3-AD5A-6A2107A6ABED}.Release|iPhoneSimulator.ActiveCfg = Release|Any CPU
		{9C87169A-A552-49F3-AD5A-6A2107A6ABED}.Release|iPhoneSimulator.Build.0 = Release|Any CPU
		{9C87169A-A552-49F3-AD5A-6A2107A6ABED}.Release|x64.ActiveCfg = Release|Any CPU
		{9C87169A-A552-49F3-AD5A-6A2107A6ABED}.Release|x64.Build.0 = Release|Any CPU
		{9C87169A-A552-49F3-AD5A-6A2107A6ABED}.Release|x86.ActiveCfg = Release|Any CPU
		{9C87169A-A552-49F3-AD5A-6A2107A6ABED}.Release|x86.Build.0 = Release|Any CPU
		{D45EE708-5E5A-401E-B82C-367FF8A100A4}.Debug|Any CPU.ActiveCfg = Debug|Any CPU
		{D45EE708-5E5A-401E-B82C-367FF8A100A4}.Debug|Any CPU.Build.0 = Debug|Any CPU
		{D45EE708-5E5A-401E-B82C-367FF8A100A4}.Debug|ARM.ActiveCfg = Debug|Any CPU
		{D45EE708-5E5A-401E-B82C-367FF8A100A4}.Debug|ARM.Build.0 = Debug|Any CPU
		{D45EE708-5E5A-401E-B82C-367FF8A100A4}.Debug|ARM64.ActiveCfg = Debug|Any CPU
		{D45EE708-5E5A-401E-B82C-367FF8A100A4}.Debug|ARM64.Build.0 = Debug|Any CPU
		{D45EE708-5E5A-401E-B82C-367FF8A100A4}.Debug|iPhone.ActiveCfg = Debug|Any CPU
		{D45EE708-5E5A-401E-B82C-367FF8A100A4}.Debug|iPhone.Build.0 = Debug|Any CPU
		{D45EE708-5E5A-401E-B82C-367FF8A100A4}.Debug|iPhoneSimulator.ActiveCfg = Debug|Any CPU
		{D45EE708-5E5A-401E-B82C-367FF8A100A4}.Debug|iPhoneSimulator.Build.0 = Debug|Any CPU
		{D45EE708-5E5A-401E-B82C-367FF8A100A4}.Debug|x64.ActiveCfg = Debug|Any CPU
		{D45EE708-5E5A-401E-B82C-367FF8A100A4}.Debug|x64.Build.0 = Debug|Any CPU
		{D45EE708-5E5A-401E-B82C-367FF8A100A4}.Debug|x86.ActiveCfg = Debug|Any CPU
		{D45EE708-5E5A-401E-B82C-367FF8A100A4}.Debug|x86.Build.0 = Debug|Any CPU
		{D45EE708-5E5A-401E-B82C-367FF8A100A4}.Release|Any CPU.ActiveCfg = Release|Any CPU
		{D45EE708-5E5A-401E-B82C-367FF8A100A4}.Release|Any CPU.Build.0 = Release|Any CPU
		{D45EE708-5E5A-401E-B82C-367FF8A100A4}.Release|ARM.ActiveCfg = Release|Any CPU
		{D45EE708-5E5A-401E-B82C-367FF8A100A4}.Release|ARM.Build.0 = Release|Any CPU
		{D45EE708-5E5A-401E-B82C-367FF8A100A4}.Release|ARM64.ActiveCfg = Release|Any CPU
		{D45EE708-5E5A-401E-B82C-367FF8A100A4}.Release|ARM64.Build.0 = Release|Any CPU
		{D45EE708-5E5A-401E-B82C-367FF8A100A4}.Release|iPhone.ActiveCfg = Release|Any CPU
		{D45EE708-5E5A-401E-B82C-367FF8A100A4}.Release|iPhone.Build.0 = Release|Any CPU
		{D45EE708-5E5A-401E-B82C-367FF8A100A4}.Release|iPhoneSimulator.ActiveCfg = Release|Any CPU
		{D45EE708-5E5A-401E-B82C-367FF8A100A4}.Release|iPhoneSimulator.Build.0 = Release|Any CPU
		{D45EE708-5E5A-401E-B82C-367FF8A100A4}.Release|x64.ActiveCfg = Release|Any CPU
		{D45EE708-5E5A-401E-B82C-367FF8A100A4}.Release|x64.Build.0 = Release|Any CPU
		{D45EE708-5E5A-401E-B82C-367FF8A100A4}.Release|x86.ActiveCfg = Release|Any CPU
		{D45EE708-5E5A-401E-B82C-367FF8A100A4}.Release|x86.Build.0 = Release|Any CPU
		{C2CC5708-E35F-414E-9218-64516ED0922E}.Debug|Any CPU.ActiveCfg = Debug|Any CPU
		{C2CC5708-E35F-414E-9218-64516ED0922E}.Debug|Any CPU.Build.0 = Debug|Any CPU
		{C2CC5708-E35F-414E-9218-64516ED0922E}.Debug|ARM.ActiveCfg = Debug|Any CPU
		{C2CC5708-E35F-414E-9218-64516ED0922E}.Debug|ARM.Build.0 = Debug|Any CPU
		{C2CC5708-E35F-414E-9218-64516ED0922E}.Debug|ARM64.ActiveCfg = Debug|Any CPU
		{C2CC5708-E35F-414E-9218-64516ED0922E}.Debug|ARM64.Build.0 = Debug|Any CPU
		{C2CC5708-E35F-414E-9218-64516ED0922E}.Debug|iPhone.ActiveCfg = Debug|Any CPU
		{C2CC5708-E35F-414E-9218-64516ED0922E}.Debug|iPhone.Build.0 = Debug|Any CPU
		{C2CC5708-E35F-414E-9218-64516ED0922E}.Debug|iPhoneSimulator.ActiveCfg = Debug|Any CPU
		{C2CC5708-E35F-414E-9218-64516ED0922E}.Debug|iPhoneSimulator.Build.0 = Debug|Any CPU
		{C2CC5708-E35F-414E-9218-64516ED0922E}.Debug|x64.ActiveCfg = Debug|Any CPU
		{C2CC5708-E35F-414E-9218-64516ED0922E}.Debug|x64.Build.0 = Debug|Any CPU
		{C2CC5708-E35F-414E-9218-64516ED0922E}.Debug|x86.ActiveCfg = Debug|Any CPU
		{C2CC5708-E35F-414E-9218-64516ED0922E}.Debug|x86.Build.0 = Debug|Any CPU
		{C2CC5708-E35F-414E-9218-64516ED0922E}.Release|Any CPU.ActiveCfg = Release|Any CPU
		{C2CC5708-E35F-414E-9218-64516ED0922E}.Release|Any CPU.Build.0 = Release|Any CPU
		{C2CC5708-E35F-414E-9218-64516ED0922E}.Release|ARM.ActiveCfg = Release|Any CPU
		{C2CC5708-E35F-414E-9218-64516ED0922E}.Release|ARM.Build.0 = Release|Any CPU
		{C2CC5708-E35F-414E-9218-64516ED0922E}.Release|ARM64.ActiveCfg = Release|Any CPU
		{C2CC5708-E35F-414E-9218-64516ED0922E}.Release|ARM64.Build.0 = Release|Any CPU
		{C2CC5708-E35F-414E-9218-64516ED0922E}.Release|iPhone.ActiveCfg = Release|Any CPU
		{C2CC5708-E35F-414E-9218-64516ED0922E}.Release|iPhone.Build.0 = Release|Any CPU
		{C2CC5708-E35F-414E-9218-64516ED0922E}.Release|iPhoneSimulator.ActiveCfg = Release|Any CPU
		{C2CC5708-E35F-414E-9218-64516ED0922E}.Release|iPhoneSimulator.Build.0 = Release|Any CPU
		{C2CC5708-E35F-414E-9218-64516ED0922E}.Release|x64.ActiveCfg = Release|Any CPU
		{C2CC5708-E35F-414E-9218-64516ED0922E}.Release|x64.Build.0 = Release|Any CPU
		{C2CC5708-E35F-414E-9218-64516ED0922E}.Release|x86.ActiveCfg = Release|Any CPU
		{C2CC5708-E35F-414E-9218-64516ED0922E}.Release|x86.Build.0 = Release|Any CPU
		{B4955473-9F38-4FDD-B7D6-15E68F99E870}.Debug|Any CPU.ActiveCfg = Debug|x64
		{B4955473-9F38-4FDD-B7D6-15E68F99E870}.Debug|Any CPU.Build.0 = Debug|x64
		{B4955473-9F38-4FDD-B7D6-15E68F99E870}.Debug|ARM.ActiveCfg = Debug|x64
		{B4955473-9F38-4FDD-B7D6-15E68F99E870}.Debug|ARM.Build.0 = Debug|x64
		{B4955473-9F38-4FDD-B7D6-15E68F99E870}.Debug|ARM64.ActiveCfg = Debug|x64
		{B4955473-9F38-4FDD-B7D6-15E68F99E870}.Debug|ARM64.Build.0 = Debug|x64
		{B4955473-9F38-4FDD-B7D6-15E68F99E870}.Debug|iPhone.ActiveCfg = Debug|x64
		{B4955473-9F38-4FDD-B7D6-15E68F99E870}.Debug|iPhone.Build.0 = Debug|x64
		{B4955473-9F38-4FDD-B7D6-15E68F99E870}.Debug|iPhoneSimulator.ActiveCfg = Debug|x64
		{B4955473-9F38-4FDD-B7D6-15E68F99E870}.Debug|iPhoneSimulator.Build.0 = Debug|x64
		{B4955473-9F38-4FDD-B7D6-15E68F99E870}.Debug|x64.ActiveCfg = Debug|x64
		{B4955473-9F38-4FDD-B7D6-15E68F99E870}.Debug|x64.Build.0 = Debug|x64
		{B4955473-9F38-4FDD-B7D6-15E68F99E870}.Debug|x86.ActiveCfg = Debug|Win32
		{B4955473-9F38-4FDD-B7D6-15E68F99E870}.Debug|x86.Build.0 = Debug|Win32
		{B4955473-9F38-4FDD-B7D6-15E68F99E870}.Release|Any CPU.ActiveCfg = Release|x64
		{B4955473-9F38-4FDD-B7D6-15E68F99E870}.Release|Any CPU.Build.0 = Release|x64
		{B4955473-9F38-4FDD-B7D6-15E68F99E870}.Release|ARM.ActiveCfg = Release|x64
		{B4955473-9F38-4FDD-B7D6-15E68F99E870}.Release|ARM.Build.0 = Release|x64
		{B4955473-9F38-4FDD-B7D6-15E68F99E870}.Release|ARM64.ActiveCfg = Release|x64
		{B4955473-9F38-4FDD-B7D6-15E68F99E870}.Release|ARM64.Build.0 = Release|x64
		{B4955473-9F38-4FDD-B7D6-15E68F99E870}.Release|iPhone.ActiveCfg = Release|x64
		{B4955473-9F38-4FDD-B7D6-15E68F99E870}.Release|iPhone.Build.0 = Release|x64
		{B4955473-9F38-4FDD-B7D6-15E68F99E870}.Release|iPhoneSimulator.ActiveCfg = Release|x64
		{B4955473-9F38-4FDD-B7D6-15E68F99E870}.Release|iPhoneSimulator.Build.0 = Release|x64
		{B4955473-9F38-4FDD-B7D6-15E68F99E870}.Release|x64.ActiveCfg = Release|x64
		{B4955473-9F38-4FDD-B7D6-15E68F99E870}.Release|x64.Build.0 = Release|x64
		{B4955473-9F38-4FDD-B7D6-15E68F99E870}.Release|x86.ActiveCfg = Release|Win32
		{B4955473-9F38-4FDD-B7D6-15E68F99E870}.Release|x86.Build.0 = Release|Win32
	EndGlobalSection
	GlobalSection(SolutionProperties) = preSolution
		HideSolutionNode = FALSE
	EndGlobalSection
	GlobalSection(ExtensibilityGlobals) = postSolution
		SolutionGuid = {D92EB856-3345-42A1-8253-2D01FFBB7FC9}
	EndGlobalSection
EndGlobal
