
Microsoft Visual Studio Solution File, Format Version 12.00
# Visual Studio Version 17
VisualStudioVersion = 17.3.32922.545
MinimumVisualStudioVersion = 10.0.40219.1
Project("{FAE04EC0-301F-11D3-BF4B-00C04F79EFBC}") = "UniversalConnector.UWP", "UniversalConnector\UniversalConnector.UWP\UniversalConnector.UWP.csproj", "{44D5E148-3429-4610-9A34-A8B40CD0BF36}"
EndProject
Project("{FAE04EC0-301F-11D3-BF4B-00C04F79EFBC}") = "UniversalConnector.Android", "UniversalConnector\UniversalConnector.Android\UniversalConnector.Android.csproj", "{F4C9A6E1-FFBF-425F-A074-1C81E612FF1E}"
EndProject
Project("{FAE04EC0-301F-11D3-BF4B-00C04F79EFBC}") = "UniversalConnector.iOS", "UniversalConnector\UniversalConnector.iOS\UniversalConnector.iOS.csproj", "{7EC43035-E4EA-47DE-B20F-B3F18E968676}"
EndProject
Project("{FAE04EC0-301F-11D3-BF4B-00C04F79EFBC}") = "UniversalConnector", "UniversalConnector\UniversalConnector\UniversalConnector.csproj", "{1249664A-2827-490C-B098-FBD760761660}"
EndProject
Global
	GlobalSection(SolutionConfigurationPlatforms) = preSolution
		Debug|Any CPU = Debug|Any CPU
		Debug|ARM = Debug|ARM
		Debug|iPhone = Debug|iPhone
		Debug|iPhoneSimulator = Debug|iPhoneSimulator
		Debug|x64 = Debug|x64
		Debug|x86 = Debug|x86
		Release|Any CPU = Release|Any CPU
		Release|ARM = Release|ARM
		Release|iPhone = Release|iPhone
		Release|iPhoneSimulator = Release|iPhoneSimulator
		Release|x64 = Release|x64
		Release|x86 = Release|x86
	EndGlobalSection
	GlobalSection(ProjectConfigurationPlatforms) = postSolution
		{44D5E148-3429-4610-9A34-A8B40CD0BF36}.Debug|Any CPU.ActiveCfg = Debug|x64
		{44D5E148-3429-4610-9A34-A8B40CD0BF36}.Debug|Any CPU.Build.0 = Debug|x64
		{44D5E148-3429-4610-9A34-A8B40CD0BF36}.Debug|Any CPU.Deploy.0 = Debug|x64
		{44D5E148-3429-4610-9A34-A8B40CD0BF36}.Debug|ARM.ActiveCfg = Debug|ARM
		{44D5E148-3429-4610-9A34-A8B40CD0BF36}.Debug|ARM.Build.0 = Debug|ARM
		{44D5E148-3429-4610-9A34-A8B40CD0BF36}.Debug|ARM.Deploy.0 = Debug|ARM
		{44D5E148-3429-4610-9A34-A8B40CD0BF36}.Debug|iPhone.ActiveCfg = Debug|x64
		{44D5E148-3429-4610-9A34-A8B40CD0BF36}.Debug|iPhone.Build.0 = Debug|x64
		{44D5E148-3429-4610-9A34-A8B40CD0BF36}.Debug|iPhone.Deploy.0 = Debug|x64
		{44D5E148-3429-4610-9A34-A8B40CD0BF36}.Debug|iPhoneSimulator.ActiveCfg = Debug|x64
		{44D5E148-3429-4610-9A34-A8B40CD0BF36}.Debug|iPhoneSimulator.Build.0 = Debug|x64
		{44D5E148-3429-4610-9A34-A8B40CD0BF36}.Debug|iPhoneSimulator.Deploy.0 = Debug|x64
		{44D5E148-3429-4610-9A34-A8B40CD0BF36}.Debug|x64.ActiveCfg = Debug|x64
		{44D5E148-3429-4610-9A34-A8B40CD0BF36}.Debug|x64.Build.0 = Debug|x64
		{44D5E148-3429-4610-9A34-A8B40CD0BF36}.Debug|x64.Deploy.0 = Debug|x64
		{44D5E148-3429-4610-9A34-A8B40CD0BF36}.Debug|x86.ActiveCfg = Debug|x86
		{44D5E148-3429-4610-9A34-A8B40CD0BF36}.Debug|x86.Build.0 = Debug|x86
		{44D5E148-3429-4610-9A34-A8B40CD0BF36}.Debug|x86.Deploy.0 = Debug|x86
		{44D5E148-3429-4610-9A34-A8B40CD0BF36}.Release|Any CPU.ActiveCfg = Release|x64
		{44D5E148-3429-4610-9A34-A8B40CD0BF36}.Release|Any CPU.Build.0 = Release|x64
		{44D5E148-3429-4610-9A34-A8B40CD0BF36}.Release|Any CPU.Deploy.0 = Release|x64
		{44D5E148-3429-4610-9A34-A8B40CD0BF36}.Release|ARM.ActiveCfg = Release|ARM
		{44D5E148-3429-4610-9A34-A8B40CD0BF36}.Release|ARM.Build.0 = Release|ARM
		{44D5E148-3429-4610-9A34-A8B40CD0BF36}.Release|ARM.Deploy.0 = Release|ARM
		{44D5E148-3429-4610-9A34-A8B40CD0BF36}.Release|iPhone.ActiveCfg = Release|x64
		{44D5E148-3429-4610-9A34-A8B40CD0BF36}.Release|iPhone.Build.0 = Release|x64
		{44D5E148-3429-4610-9A34-A8B40CD0BF36}.Release|iPhone.Deploy.0 = Release|x64
		{44D5E148-3429-4610-9A34-A8B40CD0BF36}.Release|iPhoneSimulator.ActiveCfg = Release|x64
		{44D5E148-3429-4610-9A34-A8B40CD0BF36}.Release|iPhoneSimulator.Build.0 = Release|x64
		{44D5E148-3429-4610-9A34-A8B40CD0BF36}.Release|iPhoneSimulator.Deploy.0 = Release|x64
		{44D5E148-3429-4610-9A34-A8B40CD0BF36}.Release|x64.ActiveCfg = Release|x64
		{44D5E148-3429-4610-9A34-A8B40CD0BF36}.Release|x64.Build.0 = Release|x64
		{44D5E148-3429-4610-9A34-A8B40CD0BF36}.Release|x64.Deploy.0 = Release|x64
		{44D5E148-3429-4610-9A34-A8B40CD0BF36}.Release|x86.ActiveCfg = Release|x86
		{44D5E148-3429-4610-9A34-A8B40CD0BF36}.Release|x86.Build.0 = Release|x86
		{44D5E148-3429-4610-9A34-A8B40CD0BF36}.Release|x86.Deploy.0 = Release|x86
		{F4C9A6E1-FFBF-425F-A074-1C81E612FF1E}.Debug|Any CPU.ActiveCfg = Debug|Any CPU
		{F4C9A6E1-FFBF-425F-A074-1C81E612FF1E}.Debug|Any CPU.Build.0 = Debug|Any CPU
		{F4C9A6E1-FFBF-425F-A074-1C81E612FF1E}.Debug|Any CPU.Deploy.0 = Debug|Any CPU
		{F4C9A6E1-FFBF-425F-A074-1C81E612FF1E}.Debug|ARM.ActiveCfg = Debug|Any CPU
		{F4C9A6E1-FFBF-425F-A074-1C81E612FF1E}.Debug|ARM.Build.0 = Debug|Any CPU
		{F4C9A6E1-FFBF-425F-A074-1C81E612FF1E}.Debug|ARM.Deploy.0 = Debug|Any CPU
		{F4C9A6E1-FFBF-425F-A074-1C81E612FF1E}.Debug|iPhone.ActiveCfg = Debug|Any CPU
		{F4C9A6E1-FFBF-425F-A074-1C81E612FF1E}.Debug|iPhone.Build.0 = Debug|Any CPU
		{F4C9A6E1-FFBF-425F-A074-1C81E612FF1E}.Debug|iPhone.Deploy.0 = Debug|Any CPU
		{F4C9A6E1-FFBF-425F-A074-1C81E612FF1E}.Debug|iPhoneSimulator.ActiveCfg = Debug|Any CPU
		{F4C9A6E1-FFBF-425F-A074-1C81E612FF1E}.Debug|iPhoneSimulator.Build.0 = Debug|Any CPU
		{F4C9A6E1-FFBF-425F-A074-1C81E612FF1E}.Debug|iPhoneSimulator.Deploy.0 = Debug|Any CPU
		{F4C9A6E1-FFBF-425F-A074-1C81E612FF1E}.Debug|x64.ActiveCfg = Debug|Any CPU
		{F4C9A6E1-FFBF-425F-A074-1C81E612FF1E}.Debug|x64.Build.0 = Debug|Any CPU
		{F4C9A6E1-FFBF-425F-A074-1C81E612FF1E}.Debug|x64.Deploy.0 = Debug|Any CPU
		{F4C9A6E1-FFBF-425F-A074-1C81E612FF1E}.Debug|x86.ActiveCfg = Debug|Any CPU
		{F4C9A6E1-FFBF-425F-A074-1C81E612FF1E}.Debug|x86.Build.0 = Debug|Any CPU
		{F4C9A6E1-FFBF-425F-A074-1C81E612FF1E}.Debug|x86.Deploy.0 = Debug|Any CPU
		{F4C9A6E1-FFBF-425F-A074-1C81E612FF1E}.Release|Any CPU.ActiveCfg = Release|Any CPU
		{F4C9A6E1-FFBF-425F-A074-1C81E612FF1E}.Release|Any CPU.Build.0 = Release|Any CPU
		{F4C9A6E1-FFBF-425F-A074-1C81E612FF1E}.Release|Any CPU.Deploy.0 = Release|Any CPU
		{F4C9A6E1-FFBF-425F-A074-1C81E612FF1E}.Release|ARM.ActiveCfg = Release|Any CPU
		{F4C9A6E1-FFBF-425F-A074-1C81E612FF1E}.Release|ARM.Build.0 = Release|Any CPU
		{F4C9A6E1-FFBF-425F-A074-1C81E612FF1E}.Release|ARM.Deploy.0 = Release|Any CPU
		{F4C9A6E1-FFBF-425F-A074-1C81E612FF1E}.Release|iPhone.ActiveCfg = Release|Any CPU
		{F4C9A6E1-FFBF-425F-A074-1C81E612FF1E}.Release|iPhone.Build.0 = Release|Any CPU
		{F4C9A6E1-FFBF-425F-A074-1C81E612FF1E}.Release|iPhone.Deploy.0 = Release|Any CPU
		{F4C9A6E1-FFBF-425F-A074-1C81E612FF1E}.Release|iPhoneSimulator.ActiveCfg = Release|Any CPU
		{F4C9A6E1-FFBF-425F-A074-1C81E612FF1E}.Release|iPhoneSimulator.Build.0 = Release|Any CPU
		{F4C9A6E1-FFBF-425F-A074-1C81E612FF1E}.Release|iPhoneSimulator.Deploy.0 = Release|Any CPU
		{F4C9A6E1-FFBF-425F-A074-1C81E612FF1E}.Release|x64.ActiveCfg = Release|Any CPU
		{F4C9A6E1-FFBF-425F-A074-1C81E612FF1E}.Release|x64.Build.0 = Release|Any CPU
		{F4C9A6E1-FFBF-425F-A074-1C81E612FF1E}.Release|x64.Deploy.0 = Release|Any CPU
		{F4C9A6E1-FFBF-425F-A074-1C81E612FF1E}.Release|x86.ActiveCfg = Release|Any CPU
		{F4C9A6E1-FFBF-425F-A074-1C81E612FF1E}.Release|x86.Build.0 = Release|Any CPU
		{F4C9A6E1-FFBF-425F-A074-1C81E612FF1E}.Release|x86.Deploy.0 = Release|Any CPU
		{7EC43035-E4EA-47DE-B20F-B3F18E968676}.Debug|Any CPU.ActiveCfg = Debug|iPhoneSimulator
		{7EC43035-E4EA-47DE-B20F-B3F18E968676}.Debug|Any CPU.Build.0 = Debug|iPhoneSimulator
		{7EC43035-E4EA-47DE-B20F-B3F18E968676}.Debug|Any CPU.Deploy.0 = Debug|iPhoneSimulator
		{7EC43035-E4EA-47DE-B20F-B3F18E968676}.Debug|ARM.ActiveCfg = Debug|iPhoneSimulator
		{7EC43035-E4EA-47DE-B20F-B3F18E968676}.Debug|ARM.Build.0 = Debug|iPhoneSimulator
		{7EC43035-E4EA-47DE-B20F-B3F18E968676}.Debug|ARM.Deploy.0 = Debug|iPhoneSimulator
		{7EC43035-E4EA-47DE-B20F-B3F18E968676}.Debug|iPhone.ActiveCfg = Debug|iPhone
		{7EC43035-E4EA-47DE-B20F-B3F18E968676}.Debug|iPhone.Build.0 = Debug|iPhone
		{7EC43035-E4EA-47DE-B20F-B3F18E968676}.Debug|iPhone.Deploy.0 = Debug|iPhone
		{7EC43035-E4EA-47DE-B20F-B3F18E968676}.Debug|iPhoneSimulator.ActiveCfg = Debug|iPhoneSimulator
		{7EC43035-E4EA-47DE-B20F-B3F18E968676}.Debug|iPhoneSimulator.Build.0 = Debug|iPhoneSimulator
		{7EC43035-E4EA-47DE-B20F-B3F18E968676}.Debug|iPhoneSimulator.Deploy.0 = Debug|iPhoneSimulator
		{7EC43035-E4EA-47DE-B20F-B3F18E968676}.Debug|x64.ActiveCfg = Debug|iPhone
		{7EC43035-E4EA-47DE-B20F-B3F18E968676}.Debug|x64.Build.0 = Debug|iPhone
		{7EC43035-E4EA-47DE-B20F-B3F18E968676}.Debug|x64.Deploy.0 = Debug|iPhone
		{7EC43035-E4EA-47DE-B20F-B3F18E968676}.Debug|x86.ActiveCfg = Debug|iPhoneSimulator
		{7EC43035-E4EA-47DE-B20F-B3F18E968676}.Debug|x86.Build.0 = Debug|iPhoneSimulator
		{7EC43035-E4EA-47DE-B20F-B3F18E968676}.Debug|x86.Deploy.0 = Debug|iPhoneSimulator
		{7EC43035-E4EA-47DE-B20F-B3F18E968676}.Release|Any CPU.ActiveCfg = Release|iPhoneSimulator
		{7EC43035-E4EA-47DE-B20F-B3F18E968676}.Release|Any CPU.Build.0 = Release|iPhoneSimulator
		{7EC43035-E4EA-47DE-B20F-B3F18E968676}.Release|Any CPU.Deploy.0 = Release|iPhoneSimulator
		{7EC43035-E4EA-47DE-B20F-B3F18E968676}.Release|ARM.ActiveCfg = Release|iPhoneSimulator
		{7EC43035-E4EA-47DE-B20F-B3F18E968676}.Release|ARM.Build.0 = Release|iPhoneSimulator
		{7EC43035-E4EA-47DE-B20F-B3F18E968676}.Release|ARM.Deploy.0 = Release|iPhoneSimulator
		{7EC43035-E4EA-47DE-B20F-B3F18E968676}.Release|iPhone.ActiveCfg = Release|iPhone
		{7EC43035-E4EA-47DE-B20F-B3F18E968676}.Release|iPhone.Build.0 = Release|iPhone
		{7EC43035-E4EA-47DE-B20F-B3F18E968676}.Release|iPhone.Deploy.0 = Release|iPhone
		{7EC43035-E4EA-47DE-B20F-B3F18E968676}.Release|iPhoneSimulator.ActiveCfg = Release|iPhoneSimulator
		{7EC43035-E4EA-47DE-B20F-B3F18E968676}.Release|iPhoneSimulator.Build.0 = Release|iPhoneSimulator
		{7EC43035-E4EA-47DE-B20F-B3F18E968676}.Release|iPhoneSimulator.Deploy.0 = Release|iPhoneSimulator
		{7EC43035-E4EA-47DE-B20F-B3F18E968676}.Release|x64.ActiveCfg = Release|iPhoneSimulator
		{7EC43035-E4EA-47DE-B20F-B3F18E968676}.Release|x64.Build.0 = Release|iPhoneSimulator
		{7EC43035-E4EA-47DE-B20F-B3F18E968676}.Release|x64.Deploy.0 = Release|iPhoneSimulator
		{7EC43035-E4EA-47DE-B20F-B3F18E968676}.Release|x86.ActiveCfg = Release|iPhoneSimulator
		{7EC43035-E4EA-47DE-B20F-B3F18E968676}.Release|x86.Build.0 = Release|iPhoneSimulator
		{7EC43035-E4EA-47DE-B20F-B3F18E968676}.Release|x86.Deploy.0 = Release|iPhoneSimulator
		{1249664A-2827-490C-B098-FBD760761660}.Debug|Any CPU.ActiveCfg = Debug|Any CPU
		{1249664A-2827-490C-B098-FBD760761660}.Debug|Any CPU.Build.0 = Debug|Any CPU
		{1249664A-2827-490C-B098-FBD760761660}.Debug|Any CPU.Deploy.0 = Debug|Any CPU
		{1249664A-2827-490C-B098-FBD760761660}.Debug|ARM.ActiveCfg = Debug|Any CPU
		{1249664A-2827-490C-B098-FBD760761660}.Debug|ARM.Build.0 = Debug|Any CPU
		{1249664A-2827-490C-B098-FBD760761660}.Debug|ARM.Deploy.0 = Debug|Any CPU
		{1249664A-2827-490C-B098-FBD760761660}.Debug|iPhone.ActiveCfg = Debug|Any CPU
		{1249664A-2827-490C-B098-FBD760761660}.Debug|iPhone.Build.0 = Debug|Any CPU
		{1249664A-2827-490C-B098-FBD760761660}.Debug|iPhone.Deploy.0 = Debug|Any CPU
		{1249664A-2827-490C-B098-FBD760761660}.Debug|iPhoneSimulator.ActiveCfg = Debug|Any CPU
		{1249664A-2827-490C-B098-FBD760761660}.Debug|iPhoneSimulator.Build.0 = Debug|Any CPU
		{1249664A-2827-490C-B098-FBD760761660}.Debug|iPhoneSimulator.Deploy.0 = Debug|Any CPU
		{1249664A-2827-490C-B098-FBD760761660}.Debug|x64.ActiveCfg = Debug|Any CPU
		{1249664A-2827-490C-B098-FBD760761660}.Debug|x64.Build.0 = Debug|Any CPU
		{1249664A-2827-490C-B098-FBD760761660}.Debug|x64.Deploy.0 = Debug|Any CPU
		{1249664A-2827-490C-B098-FBD760761660}.Debug|x86.ActiveCfg = Debug|Any CPU
		{1249664A-2827-490C-B098-FBD760761660}.Debug|x86.Build.0 = Debug|Any CPU
		{1249664A-2827-490C-B098-FBD760761660}.Debug|x86.Deploy.0 = Debug|Any CPU
		{1249664A-2827-490C-B098-FBD760761660}.Release|Any CPU.ActiveCfg = Release|Any CPU
		{1249664A-2827-490C-B098-FBD760761660}.Release|Any CPU.Build.0 = Release|Any CPU
		{1249664A-2827-490C-B098-FBD760761660}.Release|Any CPU.Deploy.0 = Release|Any CPU
		{1249664A-2827-490C-B098-FBD760761660}.Release|ARM.ActiveCfg = Release|Any CPU
		{1249664A-2827-490C-B098-FBD760761660}.Release|ARM.Build.0 = Release|Any CPU
		{1249664A-2827-490C-B098-FBD760761660}.Release|ARM.Deploy.0 = Release|Any CPU
		{1249664A-2827-490C-B098-FBD760761660}.Release|iPhone.ActiveCfg = Release|Any CPU
		{1249664A-2827-490C-B098-FBD760761660}.Release|iPhone.Build.0 = Release|Any CPU
		{1249664A-2827-490C-B098-FBD760761660}.Release|iPhone.Deploy.0 = Release|Any CPU
		{1249664A-2827-490C-B098-FBD760761660}.Release|iPhoneSimulator.ActiveCfg = Release|Any CPU
		{1249664A-2827-490C-B098-FBD760761660}.Release|iPhoneSimulator.Build.0 = Release|Any CPU
		{1249664A-2827-490C-B098-FBD760761660}.Release|iPhoneSimulator.Deploy.0 = Release|Any CPU
		{1249664A-2827-490C-B098-FBD760761660}.Release|x64.ActiveCfg = Release|Any CPU
		{1249664A-2827-490C-B098-FBD760761660}.Release|x64.Build.0 = Release|Any CPU
		{1249664A-2827-490C-B098-FBD760761660}.Release|x64.Deploy.0 = Release|Any CPU
		{1249664A-2827-490C-B098-FBD760761660}.Release|x86.ActiveCfg = Release|Any CPU
		{1249664A-2827-490C-B098-FBD760761660}.Release|x86.Build.0 = Release|Any CPU
		{1249664A-2827-490C-B098-FBD760761660}.Release|x86.Deploy.0 = Release|Any CPU
	EndGlobalSection
	GlobalSection(SolutionProperties) = preSolution
		HideSolutionNode = FALSE
	EndGlobalSection
	GlobalSection(ExtensibilityGlobals) = postSolution
		SolutionGuid = {6F5EA53C-63BB-4858-BC96-706000C5B572}
	EndGlobalSection
EndGlobal
